
Microsoft Visual Studio Solution File, Format Version 12.00
# Visual Studio Version 17
VisualStudioVersion = 17.3.32901.215
MinimumVisualStudioVersion = 10.0.40219.1
Project("{FAE04EC0-301F-11D3-BF4B-00C04F79EFBC}") = "Repos X", "Repos X\Repos X.csproj", "{66B07EE5-9941-4CDF-9330-AE34187F82FE}"
EndProject
Global
	GlobalSection(SolutionConfigurationPlatforms) = preSolution
		Debug|Any CPU = Debug|Any CPU
		Release|Any CPU = Release|Any CPU
	EndGlobalSection
	GlobalSection(ProjectConfigurationPlatforms) = postSolution
		{66B07EE5-9941-4CDF-9330-AE34187F82FE}.Debug|Any CPU.ActiveCfg = Debug|Any CPU
		{66B07EE5-9941-4CDF-9330-AE34187F82FE}.Debug|Any CPU.Build.0 = Debug|Any CPU
		{66B07EE5-9941-4CDF-9330-AE34187F82FE}.Release|Any CPU.ActiveCfg = Release|Any CPU
		{66B07EE5-9941-4CDF-9330-AE34187F82FE}.Release|Any CPU.Build.0 = Release|Any CPU
	EndGlobalSection
	GlobalSection(SolutionProperties) = preSolution
		HideSolutionNode = FALSE
	EndGlobalSection
	GlobalSection(ExtensibilityGlobals) = postSolution
		SolutionGuid = {D810E34A-6742-4D71-B200-8E7D2C55D4D2}
	EndGlobalSection
EndGlobal
